
Microsoft Visual Studio Solution File, Format Version 12.00
# Visual Studio Version 17
VisualStudioVersion = 17.0.31903.59
MinimumVisualStudioVersion = 10.0.40219.1
Project("{FAE04EC0-301F-11D3-BF4B-00C04F79EFBC}") = "Day01", "Day01\Day01.csproj", "{C631527F-8748-4BF0-81D4-169CF87CCA67}"
EndProject
Project("{FAE04EC0-301F-11D3-BF4B-00C04F79EFBC}") = "Day02", "Day02\Day02.csproj", "{69F329B7-508B-480C-8876-9735B059857E}"
EndProject
Project("{FAE04EC0-301F-11D3-BF4B-00C04F79EFBC}") = "Day03", "Day03\Day03.csproj", "{791DA703-CB84-4F0F-B2F9-79E39CD3372E}"
EndProject
Project("{FAE04EC0-301F-11D3-BF4B-00C04F79EFBC}") = "Day04", "Day04\Day04.csproj", "{7459D577-4944-45C4-B956-3FBDF74A1194}"
EndProject
Project("{FAE04EC0-301F-11D3-BF4B-00C04F79EFBC}") = "Day05", "Day05\Day05.csproj", "{7E595A9D-AB46-4F06-9A41-D2F4EA382623}"
EndProject
Project("{FAE04EC0-301F-11D3-BF4B-00C04F79EFBC}") = "Day06", "Day06\Day06.csproj", "{340781CC-A642-45BA-A3E7-7A31261EBF19}"
EndProject
Project("{FAE04EC0-301F-11D3-BF4B-00C04F79EFBC}") = "Day07", "Day07\Day07.csproj", "{3B19D288-E270-40D8-84D0-76AD950F21C7}"
EndProject
Project("{FAE04EC0-301F-11D3-BF4B-00C04F79EFBC}") = "Day08", "Day08\Day08.csproj", "{3E9FC4E4-D0E7-451A-8F8C-8ACD824B1D0F}"
EndProject
Project("{FAE04EC0-301F-11D3-BF4B-00C04F79EFBC}") = "Day09", "Day09\Day09.csproj", "{E2A298D2-C119-46D2-B080-A4B1A8417686}"
EndProject
Project("{FAE04EC0-301F-11D3-BF4B-00C04F79EFBC}") = "Day10", "Day10\Day10.csproj", "{A7C79A70-9930-4570-9821-39971A758672}"
EndProject
Global
	GlobalSection(SolutionConfigurationPlatforms) = preSolution
		Debug|Any CPU = Debug|Any CPU
		Release|Any CPU = Release|Any CPU
	EndGlobalSection
	GlobalSection(SolutionProperties) = preSolution
		HideSolutionNode = FALSE
	EndGlobalSection
	GlobalSection(ProjectConfigurationPlatforms) = postSolution
		{C631527F-8748-4BF0-81D4-169CF87CCA67}.Debug|Any CPU.ActiveCfg = Debug|Any CPU
		{C631527F-8748-4BF0-81D4-169CF87CCA67}.Debug|Any CPU.Build.0 = Debug|Any CPU
		{C631527F-8748-4BF0-81D4-169CF87CCA67}.Release|Any CPU.ActiveCfg = Release|Any CPU
		{C631527F-8748-4BF0-81D4-169CF87CCA67}.Release|Any CPU.Build.0 = Release|Any CPU
		{69F329B7-508B-480C-8876-9735B059857E}.Debug|Any CPU.ActiveCfg = Debug|Any CPU
		{69F329B7-508B-480C-8876-9735B059857E}.Debug|Any CPU.Build.0 = Debug|Any CPU
		{69F329B7-508B-480C-8876-9735B059857E}.Release|Any CPU.ActiveCfg = Release|Any CPU
		{69F329B7-508B-480C-8876-9735B059857E}.Release|Any CPU.Build.0 = Release|Any CPU
		{791DA703-CB84-4F0F-B2F9-79E39CD3372E}.Debug|Any CPU.ActiveCfg = Debug|Any CPU
		{791DA703-CB84-4F0F-B2F9-79E39CD3372E}.Debug|Any CPU.Build.0 = Debug|Any CPU
		{791DA703-CB84-4F0F-B2F9-79E39CD3372E}.Release|Any CPU.ActiveCfg = Release|Any CPU
		{791DA703-CB84-4F0F-B2F9-79E39CD3372E}.Release|Any CPU.Build.0 = Release|Any CPU
		{7459D577-4944-45C4-B956-3FBDF74A1194}.Debug|Any CPU.ActiveCfg = Debug|Any CPU
		{7459D577-4944-45C4-B956-3FBDF74A1194}.Debug|Any CPU.Build.0 = Debug|Any CPU
		{7459D577-4944-45C4-B956-3FBDF74A1194}.Release|Any CPU.ActiveCfg = Release|Any CPU
		{7459D577-4944-45C4-B956-3FBDF74A1194}.Release|Any CPU.Build.0 = Release|Any CPU
		{7E595A9D-AB46-4F06-9A41-D2F4EA382623}.Debug|Any CPU.ActiveCfg = Debug|Any CPU
		{7E595A9D-AB46-4F06-9A41-D2F4EA382623}.Debug|Any CPU.Build.0 = Debug|Any CPU
		{7E595A9D-AB46-4F06-9A41-D2F4EA382623}.Release|Any CPU.ActiveCfg = Release|Any CPU
		{7E595A9D-AB46-4F06-9A41-D2F4EA382623}.Release|Any CPU.Build.0 = Release|Any CPU
		{340781CC-A642-45BA-A3E7-7A31261EBF19}.Debug|Any CPU.ActiveCfg = Debug|Any CPU
		{340781CC-A642-45BA-A3E7-7A31261EBF19}.Debug|Any CPU.Build.0 = Debug|Any CPU
		{340781CC-A642-45BA-A3E7-7A31261EBF19}.Release|Any CPU.ActiveCfg = Release|Any CPU
		{340781CC-A642-45BA-A3E7-7A31261EBF19}.Release|Any CPU.Build.0 = Release|Any CPU
		{3B19D288-E270-40D8-84D0-76AD950F21C7}.Debug|Any CPU.ActiveCfg = Debug|Any CPU
		{3B19D288-E270-40D8-84D0-76AD950F21C7}.Debug|Any CPU.Build.0 = Debug|Any CPU
		{3B19D288-E270-40D8-84D0-76AD950F21C7}.Release|Any CPU.ActiveCfg = Release|Any CPU
		{3B19D288-E270-40D8-84D0-76AD950F21C7}.Release|Any CPU.Build.0 = Release|Any CPU
		{3E9FC4E4-D0E7-451A-8F8C-8ACD824B1D0F}.Debug|Any CPU.ActiveCfg = Debug|Any CPU
		{3E9FC4E4-D0E7-451A-8F8C-8ACD824B1D0F}.Debug|Any CPU.Build.0 = Debug|Any CPU
		{3E9FC4E4-D0E7-451A-8F8C-8ACD824B1D0F}.Release|Any CPU.ActiveCfg = Release|Any CPU
		{3E9FC4E4-D0E7-451A-8F8C-8ACD824B1D0F}.Release|Any CPU.Build.0 = Release|Any CPU
		{E2A298D2-C119-46D2-B080-A4B1A8417686}.Debug|Any CPU.ActiveCfg = Debug|Any CPU
		{E2A298D2-C119-46D2-B080-A4B1A8417686}.Debug|Any CPU.Build.0 = Debug|Any CPU
		{E2A298D2-C119-46D2-B080-A4B1A8417686}.Release|Any CPU.ActiveCfg = Release|Any CPU
		{E2A298D2-C119-46D2-B080-A4B1A8417686}.Release|Any CPU.Build.0 = Release|Any CPU
		{A7C79A70-9930-4570-9821-39971A758672}.Debug|Any CPU.ActiveCfg = Debug|Any CPU
		{A7C79A70-9930-4570-9821-39971A758672}.Debug|Any CPU.Build.0 = Debug|Any CPU
		{A7C79A70-9930-4570-9821-39971A758672}.Release|Any CPU.ActiveCfg = Release|Any CPU
		{A7C79A70-9930-4570-9821-39971A758672}.Release|Any CPU.Build.0 = Release|Any CPU
	EndGlobalSection
EndGlobal
